<?xml version="1.0" encoding="utf-8"?>
<Project ToolsVersion="4.0" xmlns="http://schemas.microsoft.com/developer/msbuild/2003">
  <ItemGroup>
    <Filter Include="Source Files">
      <UniqueIdentifier>{4FC737F1-C7A5-4376-A066-2A32D752A2FF}</UniqueIdentifier>
      <Extensions>cpp;c;cc;cxx;def;odl;idl;hpj;bat;asm;asmx</Extensions>
    </Filter>
    <Filter Include="Header Files">
      <UniqueIdentifier>{93995380-89BD-4b04-88EB-625FBE52EBFB}</UniqueIdentifier>
      <Extensions>h;hpp;hxx;hm;inl;inc;xsd</Extensions>
    </Filter>
    <Filter Include="backend">
      <UniqueIdentifier>{1e267d93-e3a4-45d2-aa76-67c1e26e3d23}</UniqueIdentifier>
    </Filter>
    <Filter Include="backend\msil">
      <UniqueIdentifier>{9badf3dd-5dc9-4f54-8495-5340ae434e83}</UniqueIdentifier>
    </Filter>
    <Filter Include="runtime">
      <UniqueIdentifier>{b52ccb0a-74a8-4d00-b339-0365f137c431}</UniqueIdentifier>
    </Filter>
  </ItemGroup>
  <ItemGroup>
    <ClCompile Include="..\dmd\access.c">
      <Filter>Source Files</Filter>
    </ClCompile>
    <ClCompile Include="..\dmd\aliasthis.c">
      <Filter>Source Files</Filter>
    </ClCompile>
    <ClCompile Include="..\dmd\array.c">
      <Filter>Source Files</Filter>
    </ClCompile>
    <ClCompile Include="..\dmd\arrayop.c">
      <Filter>Source Files</Filter>
    </ClCompile>
    <ClCompile Include="..\dmd\async.c">
      <Filter>Source Files</Filter>
    </ClCompile>
    <ClCompile Include="..\dmd\attrib.c">
      <Filter>Source Files</Filter>
    </ClCompile>
    <ClCompile Include="..\dmd\builtin.c">
      <Filter>Source Files</Filter>
    </ClCompile>
    <ClCompile Include="..\dmd\cast.c">
      <Filter>Source Files</Filter>
    </ClCompile>
    <ClCompile Include="..\dmd\class.c">
      <Filter>Source Files</Filter>
    </ClCompile>
    <ClCompile Include="..\dmd\clone.c">
      <Filter>Source Files</Filter>
    </ClCompile>
    <ClCompile Include="..\dmd\cond.c">
      <Filter>Source Files</Filter>
    </ClCompile>
    <ClCompile Include="..\dmd\constfold.c">
      <Filter>Source Files</Filter>
    </ClCompile>
    <ClCompile Include="..\dmd\dchar.c">
      <Filter>Source Files</Filter>
    </ClCompile>
    <ClCompile Include="..\dmd\declaration.c">
      <Filter>Source Files</Filter>
    </ClCompile>
    <ClCompile Include="..\dmd\delegatize.c">
      <Filter>Source Files</Filter>
    </ClCompile>
    <ClCompile Include="..\dmd\doc.c">
      <Filter>Source Files</Filter>
    </ClCompile>
    <ClCompile Include="..\dmd\dsymbol.c">
      <Filter>Source Files</Filter>
    </ClCompile>
    <ClCompile Include="..\dmd\dump.c">
      <Filter>Source Files</Filter>
    </ClCompile>
    <ClCompile Include="..\dmd\entity.c">
      <Filter>Source Files</Filter>
    </ClCompile>
    <ClCompile Include="..\dmd\enum.c">
      <Filter>Source Files</Filter>
    </ClCompile>
    <ClCompile Include="..\dmd\expression.c">
      <Filter>Source Files</Filter>
    </ClCompile>
    <ClCompile Include="..\dmd\frontend.net\externassembly.cpp">
      <Filter>Source Files</Filter>
    </ClCompile>
    <ClCompile Include="..\dmd\func.c">
      <Filter>Source Files</Filter>
    </ClCompile>
    <ClCompile Include="..\dmd\funcvargs.cpp">
      <Filter>Source Files</Filter>
    </ClCompile>
    <ClCompile Include="..\dmd\hdrgen.c">
      <Filter>Source Files</Filter>
    </ClCompile>
    <ClCompile Include="..\dmd\html.c">
      <Filter>Source Files</Filter>
    </ClCompile>
    <ClCompile Include="id.cpp">
      <Filter>Source Files</Filter>
    </ClCompile>
    <ClCompile Include="..\dmd\identifier.c">
      <Filter>Source Files</Filter>
    </ClCompile>
    <ClCompile Include="impcnvtab.cpp">
      <Filter>Source Files</Filter>
    </ClCompile>
    <ClCompile Include="..\dmd\import.c">
      <Filter>Source Files</Filter>
    </ClCompile>
    <ClCompile Include="..\dmd\inifile.c">
      <Filter>Source Files</Filter>
    </ClCompile>
    <ClCompile Include="..\dmd\init.c">
      <Filter>Source Files</Filter>
    </ClCompile>
    <ClCompile Include="..\dmd\inline.c">
      <Filter>Source Files</Filter>
    </ClCompile>
    <ClCompile Include="..\dmd\interpret.c">
      <Filter>Source Files</Filter>
    </ClCompile>
    <ClCompile Include="..\dmd\lexer.c">
      <Filter>Source Files</Filter>
    </ClCompile>
    <ClCompile Include="..\dmd\lstring.c">
      <Filter>Source Files</Filter>
    </ClCompile>
    <ClCompile Include="..\dmd\macro.c">
      <Filter>Source Files</Filter>
    </ClCompile>
    <ClCompile Include="..\dmd\man.c">
      <Filter>Source Files</Filter>
    </ClCompile>
    <ClCompile Include="..\dmd\mangle.c">
      <Filter>Source Files</Filter>
    </ClCompile>
    <ClCompile Include="..\dmd\mars.c">
      <Filter>Source Files</Filter>
    </ClCompile>
    <ClCompile Include="..\dmd\mem.c">
      <Filter>Source Files</Filter>
    </ClCompile>
    <ClCompile Include="..\dmd\module.c">
      <Filter>Source Files</Filter>
    </ClCompile>
    <ClCompile Include="..\dmd\mtype.c">
      <Filter>Source Files</Filter>
    </ClCompile>
    <ClCompile Include="..\dmd\opover.c">
      <Filter>Source Files</Filter>
    </ClCompile>
    <ClCompile Include="..\dmd\optimize.c">
      <Filter>Source Files</Filter>
    </ClCompile>
    <ClCompile Include="..\dmd\parse.c">
      <Filter>Source Files</Filter>
    </ClCompile>
    <ClCompile Include="..\dmd\port.c">
      <Filter>Source Files</Filter>
    </ClCompile>
    <ClCompile Include="..\dmd\frontend.net\pragma.cpp">
      <Filter>Source Files</Filter>
    </ClCompile>
    <ClCompile Include="..\dmd\response.c">
      <Filter>Source Files</Filter>
    </ClCompile>
    <ClCompile Include="..\dmd\root.c">
      <Filter>Source Files</Filter>
    </ClCompile>
    <ClCompile Include="..\dmd\scope.c">
      <Filter>Source Files</Filter>
    </ClCompile>
    <ClCompile Include="..\dmd\statement.c">
      <Filter>Source Files</Filter>
    </ClCompile>
    <ClCompile Include="..\dmd\staticassert.c">
      <Filter>Source Files</Filter>
    </ClCompile>
    <ClCompile Include="..\dmd\stringtable.c">
      <Filter>Source Files</Filter>
    </ClCompile>
    <ClCompile Include="..\dmd\struct.c">
      <Filter>Source Files</Filter>
    </ClCompile>
    <ClCompile Include="..\dmd\template.c">
      <Filter>Source Files</Filter>
    </ClCompile>
    <ClCompile Include="..\dmd\traits.c">
      <Filter>Source Files</Filter>
    </ClCompile>
    <ClCompile Include="..\dmd\typinf.c">
      <Filter>Source Files</Filter>
    </ClCompile>
    <ClCompile Include="..\dmd\unialpha.c">
      <Filter>Source Files</Filter>
    </ClCompile>
    <ClCompile Include="..\dmd\utf.c">
      <Filter>Source Files</Filter>
    </ClCompile>
    <ClCompile Include="..\dmd\version.c">
      <Filter>Source Files</Filter>
    </ClCompile>
    <ClCompile Include="..\dmd\backend.net\asm.cpp">
      <Filter>backend</Filter>
    </ClCompile>
    <ClCompile Include="..\dmd\backend.net\backend.cpp">
      <Filter>backend</Filter>
    </ClCompile>
    <ClCompile Include="..\dmd\backend.net\block.cpp">
      <Filter>backend</Filter>
    </ClCompile>
    <ClCompile Include="..\dmd\backend.net\cv.cpp">
      <Filter>backend</Filter>
    </ClCompile>
    <ClCompile Include="..\dmd\backend.net\decl.cpp">
      <Filter>backend</Filter>
    </ClCompile>
    <ClCompile Include="..\dmd\backend.net\dt.cpp">
      <Filter>backend</Filter>
    </ClCompile>
    <ClCompile Include="..\dmd\backend.net\elem.cpp">
      <Filter>backend</Filter>
    </ClCompile>
    <ClCompile Include="..\dmd\backend.net\expr.cpp">
      <Filter>backend</Filter>
    </ClCompile>
    <ClCompile Include="..\dmd\backend.net\hiddenmethod.cpp">
      <Filter>backend</Filter>
    </ClCompile>
    <ClCompile Include="..\dmd\backend.net\indentable.cpp">
      <Filter>backend</Filter>
    </ClCompile>
    <ClCompile Include="..\dmd\backend.net\irstate.cpp">
      <Filter>backend</Filter>
    </ClCompile>
    <ClCompile Include="..\dmd\backend.net\irstatecall.cpp">
      <Filter>backend</Filter>
    </ClCompile>
    <ClCompile Include="..\dmd\backend.net\library.cpp">
      <Filter>backend</Filter>
    </ClCompile>
    <ClCompile Include="..\dmd\backend.net\link.cpp">
      <Filter>backend</Filter>
    </ClCompile>
    <ClCompile Include="..\dmd\backend.net\modemit.cpp">
      <Filter>backend</Filter>
    </ClCompile>
    <ClCompile Include="..\dmd\backend.net\objfile.cpp">
      <Filter>backend</Filter>
    </ClCompile>
    <ClCompile Include="..\dmd\backend.net\partialresult.cpp">
      <Filter>backend</Filter>
    </ClCompile>
    <ClCompile Include="..\dmd\backend.net\symbol.cpp">
      <Filter>backend</Filter>
    </ClCompile>
    <ClCompile Include="..\dmd\backend.net\toir.cpp">
      <Filter>backend</Filter>
    </ClCompile>
    <ClCompile Include="..\dmd\backend.net\type.cpp">
      <Filter>backend</Filter>
    </ClCompile>
    <ClCompile Include="..\dmd\backend.net\msil\aggr.cpp">
      <Filter>backend\msil</Filter>
    </ClCompile>
    <ClCompile Include="..\dmd\backend.net\msil\arraylen.cpp">
      <Filter>backend\msil</Filter>
    </ClCompile>
    <ClCompile Include="..\dmd\backend.net\msil\arraytype.cpp">
      <Filter>backend\msil</Filter>
    </ClCompile>
    <ClCompile Include="..\dmd\backend.net\msil\assembly.cpp">
      <Filter>backend\msil</Filter>
    </ClCompile>
    <ClCompile Include="..\dmd\backend.net\msil\assocarray.cpp">
      <Filter>backend\msil</Filter>
    </ClCompile>
    <ClCompile Include="..\dmd\backend.net\msil\assocarrayutil.cpp">
      <Filter>backend\msil</Filter>
    </ClCompile>
    <ClCompile Include="..\dmd\backend.net\msil\classemit.cpp">
      <Filter>backend\msil</Filter>
    </ClCompile>
    <ClCompile Include="..\dmd\backend.net\msil\const.cpp">
      <Filter>backend\msil</Filter>
    </ClCompile>
    <ClCompile Include="..\dmd\backend.net\msil\delegatetype.cpp">
      <Filter>backend\msil</Filter>
    </ClCompile>
    <ClCompile Include="..\dmd\backend.net\msil\deref.cpp">
      <Filter>backend\msil</Filter>
    </ClCompile>
    <ClCompile Include="..\dmd\backend.net\msil\enumemit.cpp">
      <Filter>backend\msil</Filter>
    </ClCompile>
    <ClCompile Include="..\dmd\backend.net\msil\except.cpp">
      <Filter>backend\msil</Filter>
    </ClCompile>
    <ClCompile Include="..\dmd\backend.net\msil\instruction.cpp">
      <Filter>backend\msil</Filter>
    </ClCompile>
    <ClCompile Include="..\dmd\backend.net\msil\label.cpp">
      <Filter>backend\msil</Filter>
    </ClCompile>
    <ClCompile Include="..\dmd\backend.net\msil\member.cpp">
      <Filter>backend\msil</Filter>
    </ClCompile>
    <ClCompile Include="..\dmd\backend.net\msil\slice.cpp">
      <Filter>backend\msil</Filter>
    </ClCompile>
    <ClCompile Include="..\dmd\backend.net\msil\structemit.cpp">
      <Filter>backend\msil</Filter>
    </ClCompile>
    <ClCompile Include="..\dmd\backend.net\msil\typedef.cpp">
      <Filter>backend\msil</Filter>
    </ClCompile>
    <ClCompile Include="..\dmd\backend.net\msil\types.cpp">
      <Filter>backend\msil</Filter>
    </ClCompile>
    <ClCompile Include="..\dmd\backend.net\msil\varargs.cpp">
      <Filter>backend\msil</Filter>
    </ClCompile>
    <ClCompile Include="..\dmd\backend.net\msil\variable.cpp">
      <Filter>backend\msil</Filter>
    </ClCompile>
  </ItemGroup>
  <ItemGroup>
    <ClInclude Include="..\dmd\aggregate.h">
      <Filter>Header Files</Filter>
    </ClInclude>
    <ClInclude Include="..\dmd\aliasthis.h">
      <Filter>Header Files</Filter>
    </ClInclude>
    <ClInclude Include="..\dmd\arraytypes.h">
      <Filter>Header Files</Filter>
    </ClInclude>
    <ClInclude Include="..\dmd\async.h">
      <Filter>Header Files</Filter>
    </ClInclude>
    <ClInclude Include="..\dmd\attrib.h">
      <Filter>Header Files</Filter>
    </ClInclude>
    <ClInclude Include="..\dmd\complex_t.h">
      <Filter>Header Files</Filter>
    </ClInclude>
    <ClInclude Include="..\dmd\cond.h">
      <Filter>Header Files</Filter>
    </ClInclude>
    <ClInclude Include="..\dmd\dchar.h">
      <Filter>Header Files</Filter>
    </ClInclude>
    <ClInclude Include="..\dmd\declaration.h">
      <Filter>Header Files</Filter>
    </ClInclude>
    <ClInclude Include="..\dmd\doc.h">
      <Filter>Header Files</Filter>
    </ClInclude>
    <ClInclude Include="..\dmd\dsymbol.h">
      <Filter>Header Files</Filter>
    </ClInclude>
    <ClInclude Include="..\dmd\enum.h">
      <Filter>Header Files</Filter>
    </ClInclude>
    <ClInclude Include="..\dmd\expression.h">
      <Filter>Header Files</Filter>
    </ClInclude>
    <ClInclude Include="..\dmd\frontend.net\externassembly.h">
      <Filter>Header Files</Filter>
    </ClInclude>
    <ClInclude Include="..\dmd\gnuc.h">
      <Filter>Header Files</Filter>
    </ClInclude>
    <ClInclude Include="..\dmd\hdrgen.h">
      <Filter>Header Files</Filter>
    </ClInclude>
    <ClInclude Include="..\dmd\html.h">
      <Filter>Header Files</Filter>
    </ClInclude>
    <ClInclude Include="id.h">
      <Filter>Header Files</Filter>
    </ClInclude>
    <ClInclude Include="..\dmd\identifier.h">
      <Filter>Header Files</Filter>
    </ClInclude>
    <ClInclude Include="..\dmd\import.h">
      <Filter>Header Files</Filter>
    </ClInclude>
    <ClInclude Include="..\dmd\init.h">
      <Filter>Header Files</Filter>
    </ClInclude>
    <ClInclude Include="..\dmd\lexer.h">
      <Filter>Header Files</Filter>
    </ClInclude>
    <ClInclude Include="..\dmd\lib.h">
      <Filter>Header Files</Filter>
    </ClInclude>
    <ClInclude Include="..\dmd\lstring.h">
      <Filter>Header Files</Filter>
    </ClInclude>
    <ClInclude Include="..\dmd\macro.h">
      <Filter>Header Files</Filter>
    </ClInclude>
    <ClInclude Include="..\dmd\mars.h">
      <Filter>Header Files</Filter>
    </ClInclude>
    <ClInclude Include="..\dmd\mem.h">
      <Filter>Header Files</Filter>
    </ClInclude>
    <ClInclude Include="..\dmd\module.h">
      <Filter>Header Files</Filter>
    </ClInclude>
    <ClInclude Include="..\dmd\mtype.h">
      <Filter>Header Files</Filter>
    </ClInclude>
    <ClInclude Include="..\dmd\parse.h">
      <Filter>Header Files</Filter>
    </ClInclude>
    <ClInclude Include="..\dmd\port.h">
      <Filter>Header Files</Filter>
    </ClInclude>
    <ClInclude Include="..\dmd\frontend.net\pragma.h">
      <Filter>Header Files</Filter>
    </ClInclude>
    <ClInclude Include="..\dmd\root.h">
      <Filter>Header Files</Filter>
    </ClInclude>
    <ClInclude Include="..\dmd\scope.h">
      <Filter>Header Files</Filter>
    </ClInclude>
    <ClInclude Include="..\dmd\statement.h">
      <Filter>Header Files</Filter>
    </ClInclude>
    <ClInclude Include="..\dmd\staticassert.h">
      <Filter>Header Files</Filter>
    </ClInclude>
    <ClInclude Include="..\dmd\stringtable.h">
      <Filter>Header Files</Filter>
    </ClInclude>
    <ClInclude Include="..\dmd\template.h">
      <Filter>Header Files</Filter>
    </ClInclude>
    <ClInclude Include="..\dmd\toir.h">
      <Filter>Header Files</Filter>
    </ClInclude>
    <ClInclude Include="..\dmd\total.h">
      <Filter>Header Files</Filter>
    </ClInclude>
    <ClInclude Include="..\dmd\utf.h">
      <Filter>Header Files</Filter>
    </ClInclude>
    <ClInclude Include="..\dmd\version.h">
      <Filter>Header Files</Filter>
    </ClInclude>
    <ClInclude Include="..\dmd\backend.net\array.h">
      <Filter>backend</Filter>
    </ClInclude>
    <ClInclude Include="..\dmd\backend.net\backend.h">
      <Filter>backend</Filter>
    </ClInclude>
    <ClInclude Include="..\dmd\backend.net\block.h">
      <Filter>backend</Filter>
    </ClInclude>
    <ClInclude Include="..\dmd\backend.net\elem.h">
      <Filter>backend</Filter>
    </ClInclude>
    <ClInclude Include="..\dmd\backend.net\hiddenmethod.h">
      <Filter>backend</Filter>
    </ClInclude>
    <ClInclude Include="..\dmd\backend.net\indentable.h">
      <Filter>backend</Filter>
    </ClInclude>
    <ClInclude Include="..\dmd\backend.net\irstate.h">
      <Filter>backend</Filter>
    </ClInclude>
    <ClInclude Include="..\dmd\backend.net\irstateutil.h">
      <Filter>backend</Filter>
    </ClInclude>
    <ClInclude Include="..\dmd\backend.net\modemit.h">
      <Filter>backend</Filter>
    </ClInclude>
    <ClInclude Include="..\dmd\backend.net\partialresult.h">
      <Filter>backend</Filter>
    </ClInclude>
    <ClInclude Include="..\dmd\backend.net\type.h">
      <Filter>backend</Filter>
    </ClInclude>
    <ClInclude Include="..\dmd\backend.net\utils.h">
      <Filter>backend</Filter>
    </ClInclude>
    <ClInclude Include="..\dmd\backend.net\msil\aggr.h">
      <Filter>backend\msil</Filter>
    </ClInclude>
    <ClInclude Include="..\dmd\backend.net\msil\arraylen.h">
      <Filter>backend\msil</Filter>
    </ClInclude>
    <ClInclude Include="..\dmd\backend.net\msil\assembly.h">
      <Filter>backend\msil</Filter>
    </ClInclude>
    <ClInclude Include="..\dmd\backend.net\msil\assocarrayutil.h">
      <Filter>backend\msil</Filter>
    </ClInclude>
    <ClInclude Include="..\dmd\backend.net\msil\classemit.h">
      <Filter>backend\msil</Filter>
    </ClInclude>
    <ClInclude Include="..\dmd\backend.net\msil\const.h">
      <Filter>backend\msil</Filter>
    </ClInclude>
    <ClInclude Include="..\dmd\backend.net\msil\deref.h">
      <Filter>backend\msil</Filter>
    </ClInclude>
    <ClInclude Include="..\dmd\backend.net\msil\enumemit.h">
      <Filter>backend\msil</Filter>
    </ClInclude>
    <ClInclude Include="..\dmd\backend.net\msil\except.h">
      <Filter>backend\msil</Filter>
    </ClInclude>
    <ClInclude Include="..\dmd\backend.net\msil\fielddict.h">
      <Filter>backend\msil</Filter>
    </ClInclude>
    <ClInclude Include="..\dmd\backend.net\msil\instrset.h">
      <Filter>backend\msil</Filter>
    </ClInclude>
    <ClInclude Include="..\dmd\backend.net\msil\instruction.h">
      <Filter>backend\msil</Filter>
    </ClInclude>
    <ClInclude Include="..\dmd\backend.net\msil\label.h">
      <Filter>backend\msil</Filter>
    </ClInclude>
    <ClInclude Include="..\dmd\backend.net\msil\member.h">
      <Filter>backend\msil</Filter>
    </ClInclude>
    <ClInclude Include="..\dmd\backend.net\msil\mnemo.h">
      <Filter>backend\msil</Filter>
    </ClInclude>
    <ClInclude Include="..\dmd\backend.net\msil\null.h">
      <Filter>backend\msil</Filter>
    </ClInclude>
    <ClInclude Include="..\dmd\backend.net\msil\slice.h">
      <Filter>backend\msil</Filter>
    </ClInclude>
    <ClInclude Include="..\dmd\backend.net\msil\structemit.h">
      <Filter>backend\msil</Filter>
    </ClInclude>
    <ClInclude Include="..\dmd\backend.net\msil\typedef.h">
      <Filter>backend\msil</Filter>
    </ClInclude>
    <ClInclude Include="..\dmd\backend.net\msil\types.h">
      <Filter>backend\msil</Filter>
    </ClInclude>
    <ClInclude Include="..\dmd\backend.net\msil\varargs.h">
      <Filter>backend\msil</Filter>
    </ClInclude>
    <ClInclude Include="..\dmd\backend.net\msil\variable.h">
      <Filter>backend\msil</Filter>
    </ClInclude>
  </ItemGroup>
  <ItemGroup>
    <CustomBuild Include="runtime\runtime.cs">
      <Filter>runtime</Filter>
    </CustomBuild>
  </ItemGroup>
</Project>